
Microsoft Visual Studio Solution File, Format Version 12.00
# Visual Studio 2013
VisualStudioVersion = 12.0.21005.1
MinimumVisualStudioVersion = 10.0.40219.1
Project("{FAE04EC0-301F-11D3-BF4B-00C04F79EFBC}") = "SpeechRecognizer", "SpeechRecognizer.csproj", "{6DDED8BA-DC19-4E38-B726-9E89DCFA2D52}"
EndProject
Project("{FAE04EC0-301F-11D3-BF4B-00C04F79EFBC}") = "SpeechRecognizer.Test", "..\SpeechRecognizer.Test\SpeechRecognizer.Test.csproj", "{D752B167-8F47-4109-AA7F-9B98E3C54FC5}"
EndProject
Global
	GlobalSection(SolutionConfigurationPlatforms) = preSolution
		Debug|Any CPU = Debug|Any CPU
		Release|Any CPU = Release|Any CPU
	EndGlobalSection
	GlobalSection(ProjectConfigurationPlatforms) = postSolution
		{6DDED8BA-DC19-4E38-B726-9E89DCFA2D52}.Debug|Any CPU.ActiveCfg = Debug|Any CPU
		{6DDED8BA-DC19-4E38-B726-9E89DCFA2D52}.Debug|Any CPU.Build.0 = Debug|Any CPU
		{6DDED8BA-DC19-4E38-B726-9E89DCFA2D52}.Release|Any CPU.ActiveCfg = Release|Any CPU
		{6DDED8BA-DC19-4E38-B726-9E89DCFA2D52}.Release|Any CPU.Build.0 = Release|Any CPU
		{D752B167-8F47-4109-AA7F-9B98E3C54FC5}.Debug|Any CPU.ActiveCfg = Debug|Any CPU
		{D752B167-8F47-4109-AA7F-9B98E3C54FC5}.Debug|Any CPU.Build.0 = Debug|Any CPU
		{D752B167-8F47-4109-AA7F-9B98E3C54FC5}.Release|Any CPU.ActiveCfg = Release|Any CPU
		{D752B167-8F47-4109-AA7F-9B98E3C54FC5}.Release|Any CPU.Build.0 = Release|Any CPU
	EndGlobalSection
	GlobalSection(SolutionProperties) = preSolution
		HideSolutionNode = FALSE
	EndGlobalSection
EndGlobal
